
Microsoft Visual Studio Solution File, Format Version 12.00
# Visual Studio Version 16
VisualStudioVersion = 16.0.32602.291
MinimumVisualStudioVersion = 10.0.40219.1
Project("{FAE04EC0-301F-11D3-BF4B-00C04F79EFBC}") = "CodeCommentGenerator", "CodeCommentGenerator\CodeCommentGenerator.csproj", "{BB9AA8AE-A25D-48E1-946D-E5A6ECEA00BA}"
EndProject
Global
	GlobalSection(SolutionConfigurationPlatforms) = preSolution
		Debug|Any CPU = Debug|Any CPU
		Release|Any CPU = Release|Any CPU
	EndGlobalSection
	GlobalSection(ProjectConfigurationPlatforms) = postSolution
		{BB9AA8AE-A25D-48E1-946D-E5A6ECEA00BA}.Debug|Any CPU.ActiveCfg = Debug|Any CPU
		{BB9AA8AE-A25D-48E1-946D-E5A6ECEA00BA}.Debug|Any CPU.Build.0 = Debug|Any CPU
		{BB9AA8AE-A25D-48E1-946D-E5A6ECEA00BA}.Release|Any CPU.ActiveCfg = Release|Any CPU
		{BB9AA8AE-A25D-48E1-946D-E5A6ECEA00BA}.Release|Any CPU.Build.0 = Release|Any CPU
	EndGlobalSection
	GlobalSection(SolutionProperties) = preSolution
		HideSolutionNode = FALSE
	EndGlobalSection
	GlobalSection(ExtensibilityGlobals) = postSolution
		SolutionGuid = {4642E549-E00B-4167-8D2A-8E24920200A2}
	EndGlobalSection
EndGlobal
